{
  "nodes": {
    "flake-utils": {
      "inputs": {
        "systems": "systems"
      },
      "locked": {
        "lastModified": 1731533236,
        "narHash": "sha256-l0KFg5HjrsfsO/JpG+r7fRrqm12kzFHyUHqHCVpMMbI=",
        "owner": "numtide",
        "repo": "flake-utils",
        "rev": "11707dc2f618dd54ca8739b309ec4fc024de578b",
        "type": "github"
      },
      "original": {
        "owner": "numtide",
        "repo": "flake-utils",
        "type": "github"
      }
    },
    "home-manager": {
      "inputs": {
        "nixpkgs": "nixpkgs"
      },
      "locked": {
        "lastModified": 1783740085,
        "narHash": "sha256-qajyHfZY29G2oEQk+uHxmsJcRoBUBXP9maTpFlwP/dI=",
        "type": "tarball",
        "url": "https://ghfast.top/https://github.com/nix-community/home-manager/archive/release-26.05.tar.gz"
      },
      "original": {
        "type": "tarball",
        "url": "https://ghfast.top/https://github.com/nix-community/home-manager/archive/release-26.05.tar.gz"
      }
    },
    "home-manager_2": {
      "inputs": {
        "nixpkgs": [
          "zen-browser",
          "nixpkgs"
        ]
      },
      "locked": {
        "lastModified": 1782839684,
        "narHash": "sha256-vzs4SBgPsK4aNzlJR2PpFwtARazXMOxZonQnDz0YHxk=",
        "owner": "nix-community",
        "repo": "home-manager",
        "rev": "2a37d71bbe69e1522ddabf03a4cea0374958bdbe",
        "type": "github"
      },
      "original": {
        "owner": "nix-community",
        "repo": "home-manager",
        "type": "github"
      }
    },
    "nixpkgs": {
      "locked": {
        "lastModified": 1783549019,
        "narHash": "sha256-0XnckG4ZhBmAsYa9mLuEIFowBG0fDGPLHduQGsbMS4A=",
        "owner": "NixOS",
        "repo": "nixpkgs",
        "rev": "74cc63f702f7d60a557e152a57b40fb1fd0f72ac",
        "type": "github"
      },
      "original": {
        "owner": "NixOS",
        "ref": "nixos-26.05",
        "repo": "nixpkgs",
        "type": "github"
      }
    },
    "nixpkgs-unstable": {
      "locked": {
        "lastModified": 1790822859,
        "narHash": "sha256-69xHQhAeMAD2wDXO7T2pcOZIF9Sga2W+JkmY2a11Ops=",
        "type": "tarball",
        "url": "https://ghfast.top/https://github.com/NixOS/nixpkgs/archive/nixos-unstable.tar.gz"
      },
      "original": {
        "type": "tarball",
        "url": "https://ghfast.top/https://github.com/NixOS/nixpkgs/archive/nixos-unstable.tar.gz"
      }
    },
    "nixpkgs_2": {
      "locked": {
        "lastModified": 1790750587,
        "narHash": "sha256-VfjaoJ1Uyb7JZTrBgE5Jf2nhjtQPmD9KOd19HJwmZwM=",
        "type": "tarball",
        "url": "https://ghfast.top/https://github.com/NixOS/nixpkgs/archive/nixos-26.05.tar.gz"
      },
      "original": {
        "type": "tarball",
        "url": "https://ghfast.top/https://github.com/NixOS/nixpkgs/archive/nixos-26.05.tar.gz"
      }
    },
    "nixpkgs_3": {
      "locked": {
        "lastModified": 1782723713,
        "narHash": "sha256-oPXCU/SSUokcGaJREHibG1CBX3+s/W7orDWQOZDsEeQ=",
        "owner": "nixos",
        "repo": "nixpkgs",
        "rev": "b5aa0fbd538984f6e3d201be0005b4463d8b09f8",
        "type": "github"
      },
      "original": {
        "owner": "nixos",
        "ref": "nixos-unstable",
        "repo": "nixpkgs",
        "type": "github"
      }
    },
    "rime-ice": {
      "flake": false,
      "locked": {
        "lastModified": 1790337049,
        "narHash": "sha256-qkRHk01UXrgherNi9eJPeKMyOE8yGkx4TF7oDxV+XYQ=",
        "owner": "iDvel",
        "repo": "rime-ice",
        "rev": "3aea6d3694fb3d94ec663641f021f788822897ad",
        "type": "github"
      },
      "original": {
        "owner": "iDvel",
        "repo": "rime-ice",
        "type": "github"
      }
    },
    "root": {
      "inputs": {
        "home-manager": "home-manager",
        "nixpkgs": "nixpkgs_2",
        "nixpkgs-unstable": "nixpkgs-unstable",
        "rime-ice": "rime-ice",
        "treesnap": "treesnap",
        "zen-browser": "zen-browser"
      }
    },
    "systems": {
      "locked": {
        "lastModified": 1681028828,
        "narHash": "sha256-Vy1rq5AaRuLzOxct8nz4T6wlgyUR7zLU309k9mBC768=",
        "owner": "nix-systems",
        "repo": "default",
        "rev": "da67096a3b9bf56a91d16901293e51ba5b49a27e",
        "type": "github"
      },
      "original": {
        "owner": "nix-systems",
        "repo": "default",
        "type": "github"
      }
    },
    "treesnap": {
      "inputs": {
        "flake-utils": "flake-utils",
        "nixpkgs": [
          "nixpkgs"
        ]
      },
      "locked": {
        "lastModified": 1762630306,
        "narHash": "sha256-sELYG3nXT6fyI34fQMOBt53Vgb8LVsKa33ipavMp/iI=",
        "type": "tarball",
        "url": "https://ghfast.top/https://github.com/YaomaRiff/treesnap/archive/nixos.tar.gz"
      },
      "original": {
        "type": "tarball",
        "url": "https://ghfast.top/https://github.com/YaomaRiff/treesnap/archive/nixos.tar.gz"
      }
    },
    "zen-browser": {
      "inputs": {
        "home-manager": "home-manager_2",
        "nixpkgs": "nixpkgs_3"
      },
      "locked": {
        "lastModified": 1783893146,
        "narHash": "sha256-eKn371TzEBL1fbyYMXgmiCMeoJQHe8s6b2lL5Z2vBQc=",
        "type": "tarball",
        "url": "https://ghfast.top/https://github.com/0xc000022070/zen-browser-flake/archive/main.tar.gz"
      },
      "original": {
        "type": "tarball",
        "url": "https://ghfast.top/https://github.com/0xc000022070/zen-browser-flake/archive/main.tar.gz"
      }
    }
  },
  "root": "root",
  "version": 7
}
